// !$*UTF8*$!
{
	archiveVersion = 1;
	classes = {
	};
	objectVersion = 55;
	objects = {

/* Begin PBXBuildFile section */
		A560FC2A27A54DB6008DD319 /* AppDelegate.swift in Sources */ = {isa = PBXBuildFile; fileRef = A560FC2927A54DB6008DD319 /* AppDelegate.swift */; };
		A560FC2C27A54DB6008DD319 /* SceneDelegate.swift in Sources */ = {isa = PBXBuildFile; fileRef = A560FC2B27A54DB6008DD319 /* SceneDelegate.swift */; };
		A560FC2E27A54DB6008DD319 /* ViewController.swift in Sources */ = {isa = PBXBuildFile; fileRef = A560FC2D27A54DB6008DD319 /* ViewController.swift */; };
		A560FC3127A54DB6008DD319 /* Main.storyboard in Resources */ = {isa = PBXBuildFile; fileRef = A560FC2F27A54DB6008DD319 /* Main.storyboard */; };
		A560FC3327A54DB6008DD319 /* Assets.xcassets in Resources */ = {isa = PBXBuildFile; fileRef = A560FC3227A54DB6008DD319 /* Assets.xcassets */; };
		A560FC3627A54DB6008DD319 /* LaunchScreen.storyboard in Resources */ = {isa = PBXBuildFile; fileRef = A560FC3427A54DB6008DD319 /* LaunchScreen.storyboard */; };
		A560FC4127A54DB6008DD319 /* MovieReviewTests.swift in Sources */ = {isa = PBXBuildFile; fileRef = A560FC4027A54DB6008DD319 /* MovieReviewTests.swift */; };
		A560FC4B27A54DB6008DD319 /* MovieReviewUITests.swift in Sources */ = {isa = PBXBuildFile; fileRef = A560FC4A27A54DB6008DD319 /* MovieReviewUITests.swift */; };
		A560FC4D27A54DB6008DD319 /* MovieReviewUITestsLaunchTests.swift in Sources */ = {isa = PBXBuildFile; fileRef = A560FC4C27A54DB6008DD319 /* MovieReviewUITestsLaunchTests.swift */; };
/* End PBXBuildFile section */

/* Begin PBXContainerItemProxy section */
		A560FC3D27A54DB6008DD319 /* PBXContainerItemProxy */ = {
			isa = PBXContainerItemProxy;
			containerPortal = A560FC1E27A54DB6008DD319 /* Project object */;
			proxyType = 1;
			remoteGlobalIDString = A560FC2527A54DB6008DD319;
			remoteInfo = MovieReview;
		};
		A560FC4727A54DB6008DD319 /* PBXContainerItemProxy */ = {
			isa = PBXContainerItemProxy;
			containerPortal = A560FC1E27A54DB6008DD319 /* Project object */;
			proxyType = 1;
			remoteGlobalIDString = A560FC2527A54DB6008DD319;
			remoteInfo = MovieReview;
		};
/* End PBXContainerItemProxy section */

/* Begin PBXFileReference section */
		A560FC2627A54DB6008DD319 /* MovieReview.app */ = {isa = PBXFileReference; explicitFileType = wrapper.application; includeInIndex = 0; path = MovieReview.app; sourceTree = BUILT_PRODUCTS_DIR; };
		A560FC2927A54DB6008DD319 /* AppDelegate.swift */ = {isa = PBXFileReference; lastKnownFileType = sourcecode.swift; path = AppDelegate.swift; sourceTree = "<group>"; };
		A560FC2B27A54DB6008DD319 /* SceneDelegate.swift */ = {isa = PBXFileReference; lastKnownFileType = sourcecode.swift; path = SceneDelegate.swift; sourceTree = "<group>"; };
		A560FC2D27A54DB6008DD319 /* ViewController.swift */ = {isa = PBXFileReference; lastKnownFileType = sourcecode.swift; path = ViewController.swift; sourceTree = "<group>"; };
		A560FC3027A54DB6008DD319 /* Base */ = {isa = PBXFileReference; lastKnownFileType = file.storyboard; name = Base; path = Base.lproj/Main.storyboard; sourceTree = "<group>"; };
		A560FC3227A54DB6008DD319 /* Assets.xcassets */ = {isa = PBXFileReference; lastKnownFileType = folder.assetcatalog; path = Assets.xcassets; sourceTree = "<group>"; };
		A560FC3527A54DB6008DD319 /* Base */ = {isa = PBXFileReference; lastKnownFileType = file.storyboard; name = Base; path = Base.lproj/LaunchScreen.storyboard; sourceTree = "<group>"; };
		A560FC3727A54DB6008DD319 /* Info.plist */ = {isa = PBXFileReference; lastKnownFileType = text.plist.xml; path = Info.plist; sourceTree = "<group>"; };
		A560FC3C27A54DB6008DD319 /* MovieReviewTests.xctest */ = {isa = PBXFileReference; explicitFileType = wrapper.cfbundle; includeInIndex = 0; path = MovieReviewTests.xctest; sourceTree = BUILT_PRODUCTS_DIR; };
		A560FC4027A54DB6008DD319 /* MovieReviewTests.swift */ = {isa = PBXFileReference; lastKnownFileType = sourcecode.swift; path = MovieReviewTests.swift; sourceTree = "<group>"; };
		A560FC4627A54DB6008DD319 /* MovieReviewUITests.xctest */ = {isa = PBXFileReference; explicitFileType = wrapper.cfbundle; includeInIndex = 0; path = MovieReviewUITests.xctest; sourceTree = BUILT_PRODUCTS_DIR; };
		A560FC4A27A54DB6008DD319 /* MovieReviewUITests.swift */ = {isa = PBXFileReference; lastKnownFileType = sourcecode.swift; path = MovieReviewUITests.swift; sourceTree = "<group>"; };
		A560FC4C27A54DB6008DD319 /* MovieReviewUITestsLaunchTests.swift */ = {isa = PBXFileReference; lastKnownFileType = sourcecode.swift; path = MovieReviewUITestsLaunchTests.swift; sourceTree = "<group>"; };
/* End PBXFileReference section */

/* Begin PBXFrameworksBuildPhase section */
		A560FC2327A54DB6008DD319 /* Frameworks */ = {
			isa = PBXFrameworksBuildPhase;
			buildActionMask = 2147483647;
			files = (
			);
			runOnlyForDeploymentPostprocessing = 0;
		};
		A560FC3927A54DB6008DD319 /* Frameworks */ = {
			isa = PBXFrameworksBuildPhase;
			buildActionMask = 2147483647;
			files = (
			);
			runOnlyForDeploymentPostprocessing = 0;
		};
		A560FC4327A54DB6008DD319 /* Frameworks */ = {
			isa = PBXFrameworksBuildPhase;
			buildActionMask = 2147483647;
			files = (
			);
			runOnlyForDeploymentPostprocessing = 0;
		};
/* End PBXFrameworksBuildPhase section */

/* Begin PBXGroup section */
		A560FC1D27A54DB6008DD319 = {
			isa = PBXGroup;
			children = (
				A560FC2827A54DB6008DD319 /* MovieReview */,
				A560FC3F27A54DB6008DD319 /* MovieReviewTests */,
				A560FC4927A54DB6008DD319 /* MovieReviewUITests */,
				A560FC2727A54DB6008DD319 /* Products */,
			);
			sourceTree = "<group>";
		};
		A560FC2727A54DB6008DD319 /* Products */ = {
			isa = PBXGroup;
			children = (
				A560FC2627A54DB6008DD319 /* MovieReview.app */,
				A560FC3C27A54DB6008DD319 /* MovieReviewTests.xctest */,
				A560FC4627A54DB6008DD319 /* MovieReviewUITests.xctest */,
			);
			name = Products;
			sourceTree = "<group>";
		};
		A560FC2827A54DB6008DD319 /* MovieReview */ = {
			isa = PBXGroup;
			children = (
				A560FC2927A54DB6008DD319 /* AppDelegate.swift */,
				A560FC2B27A54DB6008DD319 /* SceneDelegate.swift */,
				A560FC2D27A54DB6008DD319 /* ViewController.swift */,
				A560FC2F27A54DB6008DD319 /* Main.storyboard */,
				A560FC3227A54DB6008DD319 /* Assets.xcassets */,
				A560FC3427A54DB6008DD319 /* LaunchScreen.storyboard */,
				A560FC3727A54DB6008DD319 /* Info.plist */,
			);
			path = MovieReview;
			sourceTree = "<group>";
		};
		A560FC3F27A54DB6008DD319 /* MovieReviewTests */ = {
			isa = PBXGroup;
			children = (
				A560FC4027A54DB6008DD319 /* MovieReviewTests.swift */,
			);
			path = MovieReviewTests;
			sourceTree = "<group>";
		};
		A560FC4927A54DB6008DD319 /* MovieReviewUITests */ = {
			isa = PBXGroup;
			children = (
				A560FC4A27A54DB6008DD319 /* MovieReviewUITests.swift */,
				A560FC4C27A54DB6008DD319 /* MovieReviewUITestsLaunchTests.swift */,
			);
			path = MovieReviewUITests;
			sourceTree = "<group>";
		};
/* End PBXGroup section */

/* Begin PBXNativeTarget section */
		A560FC2527A54DB6008DD319 /* MovieReview */ = {
			isa = PBXNativeTarget;
			buildConfigurationList = A560FC5027A54DB6008DD319 /* Build configuration list for PBXNativeTarget "MovieReview" */;
			buildPhases = (
				A560FC2227A54DB6008DD319 /* Sources */,
				A560FC2327A54DB6008DD319 /* Frameworks */,
				A560FC2427A54DB6008DD319 /* Resources */,
			);
			buildRules = (
			);
			dependencies = (
			);
			name = MovieReview;
			productName = MovieReview;
			productReference = A560FC2627A54DB6008DD319 /* MovieReview.app */;
			productType = "com.apple.product-type.application";
		};
		A560FC3B27A54DB6008DD319 /* MovieReviewTests */ = {
			isa = PBXNativeTarget;
			buildConfigurationList = A560FC5327A54DB6008DD319 /* Build configuration list for PBXNativeTarget "MovieReviewTests" */;
			buildPhases = (
				A560FC3827A54DB6008DD319 /* Sources */,
				A560FC3927A54DB6008DD319 /* Frameworks */,
				A560FC3A27A54DB6008DD319 /* Resources */,
			);
			buildRules = (
			);
			dependencies = (
				A560FC3E27A54DB6008DD319 /* PBXTargetDependency */,
			);
			name = MovieReviewTests;
			productName = MovieReviewTests;
			productReference = A560FC3C27A54DB6008DD319 /* MovieReviewTests.xctest */;
			productType = "com.apple.product-type.bundle.unit-test";
		};
		A560FC4527A54DB6008DD319 /* MovieReviewUITests */ = {
			isa = PBXNativeTarget;
			buildConfigurationList = A560FC5627A54DB6008DD319 /* Build configuration list for PBXNativeTarget "MovieReviewUITests" */;
			buildPhases = (
				A560FC4227A54DB6008DD319 /* Sources */,
				A560FC4327A54DB6008DD319 /* Frameworks */,
				A560FC4427A54DB6008DD319 /* Resources */,
			);
			buildRules = (
			);
			dependencies = (
				A560FC4827A54DB6008DD319 /* PBXTargetDependency */,
			);
			name = MovieReviewUITests;
			productName = MovieReviewUITests;
			productReference = A560FC4627A54DB6008DD319 /* MovieReviewUITests.xctest */;
			productType = "com.apple.product-type.bundle.ui-testing";
		};
/* End PBXNativeTarget section */

/* Begin PBXProject section */
		A560FC1E27A54DB6008DD319 /* Project object */ = {
			isa = PBXProject;
			attributes = {
				BuildIndependentTargetsInParallel = 1;
				LastSwiftUpdateCheck = 1320;
				LastUpgradeCheck = 1320;
				TargetAttributes = {
					A560FC2527A54DB6008DD319 = {
						CreatedOnToolsVersion = 13.2.1;
					};
					A560FC3B27A54DB6008DD319 = {
						CreatedOnToolsVersion = 13.2.1;
						TestTargetID = A560FC2527A54DB6008DD319;
					};
					A560FC4527A54DB6008DD319 = {
						CreatedOnToolsVersion = 13.2.1;
						TestTargetID = A560FC2527A54DB6008DD319;
					};
				};
			};
			buildConfigurationList = A560FC2127A54DB6008DD319 /* Build configuration list for PBXProject "MovieReview" */;
			compatibilityVersion = "Xcode 13.0";
			developmentRegion = en;
			hasScannedForEncodings = 0;
			knownRegions = (
				en,
				Base,
			);
			mainGroup = A560FC1D27A54DB6008DD319;
			productRefGroup = A560FC2727A54DB6008DD319 /* Products */;
			projectDirPath = "";
			projectRoot = "";
			targets = (
				A560FC2527A54DB6008DD319 /* MovieReview */,
				A560FC3B27A54DB6008DD319 /* MovieReviewTests */,
				A560FC4527A54DB6008DD319 /* MovieReviewUITests */,
			);
		};
/* End PBXProject section */

/* Begin PBXResourcesBuildPhase section */
		A560FC2427A54DB6008DD319 /* Resources */ = {
			isa = PBXResourcesBuildPhase;
			buildActionMask = 2147483647;
			files = (
				A560FC3627A54DB6008DD319 /* LaunchScreen.storyboard in Resources */,
				A560FC3327A54DB6008DD319 /* Assets.xcassets in Resources */,
				A560FC3127A54DB6008DD319 /* Main.storyboard in Resources */,
			);
			runOnlyForDeploymentPostprocessing = 0;
		};
		A560FC3A27A54DB6008DD319 /* Resources */ = {
			isa = PBXResourcesBuildPhase;
			buildActionMask = 2147483647;
			files = (
			);
			runOnlyForDeploymentPostprocessing = 0;
		};
		A560FC4427A54DB6008DD319 /* Resources */ = {
			isa = PBXResourcesBuildPhase;
			buildActionMask = 2147483647;
			files = (
			);
			runOnlyForDeploymentPostprocessing = 0;
		};
/* End PBXResourcesBuildPhase section */

/* Begin PBXSourcesBuildPhase section */
		A560FC2227A54DB6008DD319 /* Sources */ = {
			isa = PBXSourcesBuildPhase;
			buildActionMask = 2147483647;
			files = (
				A560FC2E27A54DB6008DD319 /* ViewController.swift in Sources */,
				A560FC2A27A54DB6008DD319 /* AppDelegate.swift in Sources */,
				A560FC2C27A54DB6008DD319 /* SceneDelegate.swift in Sources */,
			);
			runOnlyForDeploymentPostprocessing = 0;
		};
		A560FC3827A54DB6008DD319 /* Sources */ = {
			isa = PBXSourcesBuildPhase;
			buildActionMask = 2147483647;
			files = (
				A560FC4127A54DB6008DD319 /* MovieReviewTests.swift in Sources */,
			);
			runOnlyForDeploymentPostprocessing = 0;
		};
		A560FC4227A54DB6008DD319 /* Sources */ = {
			isa = PBXSourcesBuildPhase;
			buildActionMask = 2147483647;
			files = (
				A560FC4B27A54DB6008DD319 /* MovieReviewUITests.swift in Sources */,
				A560FC4D27A54DB6008DD319 /* MovieReviewUITestsLaunchTests.swift in Sources */,
			);
			runOnlyForDeploymentPostprocessing = 0;
		};
/* End PBXSourcesBuildPhase section */

/* Begin PBXTargetDependency section */
		A560FC3E27A54DB6008DD319 /* PBXTargetDependency */ = {
			isa = PBXTargetDependency;
			target = A560FC2527A54DB6008DD319 /* MovieReview */;
			targetProxy = A560FC3D27A54DB6008DD319 /* PBXContainerItemProxy */;
		};
		A560FC4827A54DB6008DD319 /* PBXTargetDependency */ = {
			isa = PBXTargetDependency;
			target = A560FC2527A54DB6008DD319 /* MovieReview */;
			targetProxy = A560FC4727A54DB6008DD319 /* PBXContainerItemProxy */;
		};
/* End PBXTargetDependency section */

/* Begin PBXVariantGroup section */
		A560FC2F27A54DB6008DD319 /* Main.storyboard */ = {
			isa = PBXVariantGroup;
			children = (
				A560FC3027A54DB6008DD319 /* Base */,
			);
			name = Main.storyboard;
			sourceTree = "<group>";
		};
		A560FC3427A54DB6008DD319 /* LaunchScreen.storyboard */ = {
			isa = PBXVariantGroup;
			children = (
				A560FC3527A54DB6008DD319 /* Base */,
			);
			name = LaunchScreen.storyboard;
			sourceTree = "<group>";
		};
/* End PBXVariantGroup section */

/* Begin XCBuildConfiguration section */
		A560FC4E27A54DB6008DD319 /* Debug */ = {
			isa = XCBuildConfiguration;
			buildSettings = {
				ALWAYS_SEARCH_USER_PATHS = NO;
				CLANG_ANALYZER_NONNULL = YES;
				CLANG_ANALYZER_NUMBER_OBJECT_CONVERSION = YES_AGGRESSIVE;
				CLANG_CXX_LANGUAGE_STANDARD = "gnu++17";
				CLANG_CXX_LIBRARY = "libc++";
				CLANG_ENABLE_MODULES = YES;
				CLANG_ENABLE_OBJC_ARC = YES;
				CLANG_ENABLE_OBJC_WEAK = YES;
				CLANG_WARN_BLOCK_CAPTURE_AUTORELEASING = YES;
				CLANG_WARN_BOOL_CONVERSION = YES;
				CLANG_WARN_COMMA = YES;
				CLANG_WARN_CONSTANT_CONVERSION = YES;
				CLANG_WARN_DEPRECATED_OBJC_IMPLEMENTATIONS = YES;
				CLANG_WARN_DIRECT_OBJC_ISA_USAGE = YES_ERROR;
				CLANG_WARN_DOCUMENTATION_COMMENTS = YES;
				CLANG_WARN_EMPTY_BODY = YES;
				CLANG_WARN_ENUM_CONVERSION = YES;
				CLANG_WARN_INFINITE_RECURSION = YES;
				CLANG_WARN_INT_CONVERSION = YES;
				CLANG_WARN_NON_LITERAL_NULL_CONVERSION = YES;
				CLANG_WARN_OBJC_IMPLICIT_RETAIN_SELF = YES;
				CLANG_WARN_OBJC_LITERAL_CONVERSION = YES;
				CLANG_WARN_OBJC_ROOT_CLASS = YES_ERROR;
				CLANG_WARN_QUOTED_INCLUDE_IN_FRAMEWORK_HEADER = YES;
				CLANG_WARN_RANGE_LOOP_ANALYSIS = YES;
				CLANG_WARN_STRICT_PROTOTYPES = YES;
				CLANG_WARN_SUSPICIOUS_MOVE = YES;
				CLANG_WARN_UNGUARDED_AVAILABILITY = YES_AGGRESSIVE;
				CLANG_WARN_UNREACHABLE_CODE = YES;
				CLANG_WARN__DUPLICATE_METHOD_MATCH = YES;
				COPY_PHASE_STRIP = NO;
				DEBUG_INFORMATION_FORMAT = dwarf;
				ENABLE_STRICT_OBJC_MSGSEND = YES;
				ENABLE_TESTABILITY = YES;
				GCC_C_LANGUAGE_STANDARD = gnu11;
				GCC_DYNAMIC_NO_PIC = NO;
				GCC_NO_COMMON_BLOCKS = YES;
				GCC_OPTIMIZATION_LEVEL = 0;
				GCC_PREPROCESSOR_DEFINITIONS = (
					"DEBUG=1",
					"$(inherited)",
				);
				GCC_WARN_64_TO_32_BIT_CONVERSION = YES;
				GCC_WARN_ABOUT_RETURN_TYPE = YES_ERROR;
				GCC_WARN_UNDECLARED_SELECTOR = YES;
				GCC_WARN_UNINITIALIZED_AUTOS = YES_AGGRESSIVE;
				GCC_WARN_UNUSED_FUNCTION = YES;
				GCC_WARN_UNUSED_VARIABLE = YES;
				IPHONEOS_DEPLOYMENT_TARGET = 15.2;
				MTL_ENABLE_DEBUG_INFO = INCLUDE_SOURCE;
				MTL_FAST_MATH = YES;
				ONLY_ACTIVE_ARCH = YES;
				SDKROOT = iphoneos;
				SWIFT_ACTIVE_COMPILATION_CONDITIONS = DEBUG;
				SWIFT_OPTIMIZATION_LEVEL = "-Onone";
			};
			name = Debug;
		};
		A560FC4F27A54DB6008DD319 /* Release */ = {
			isa = XCBuildConfiguration;
			buildSettings = {
				ALWAYS_SEARCH_USER_PATHS = NO;
				CLANG_ANALYZER_NONNULL = YES;
				CLANG_ANALYZER_NUMBER_OBJECT_CONVERSION = YES_AGGRESSIVE;
				CLANG_CXX_LANGUAGE_STANDARD = "gnu++17";
				CLANG_CXX_LIBRARY = "libc++";
				CLANG_ENABLE_MODULES = YES;
				CLANG_ENABLE_OBJC_ARC = YES;
				CLANG_ENABLE_OBJC_WEAK = YES;
				CLANG_WARN_BLOCK_CAPTURE_AUTORELEASING = YES;
				CLANG_WARN_BOOL_CONVERSION = YES;
				CLANG_WARN_COMMA = YES;
				CLANG_WARN_CONSTANT_CONVERSION = YES;
				CLANG_WARN_DEPRECATED_OBJC_IMPLEMENTATIONS = YES;
				CLANG_WARN_DIRECT_OBJC_ISA_USAGE = YES_ERROR;
				CLANG_WARN_DOCUMENTATION_COMMENTS = YES;
				CLANG_WARN_EMPTY_BODY = YES;
				CLANG_WARN_ENUM_CONVERSION = YES;
				CLANG_WARN_INFINITE_RECURSION = YES;
				CLANG_WARN_INT_CONVERSION = YES;
				CLANG_WARN_NON_LITERAL_NULL_CONVERSION = YES;
				CLANG_WARN_OBJC_IMPLICIT_RETAIN_SELF = YES;
				CLANG_WARN_OBJC_LITERAL_CONVERSION = YES;
				CLANG_WARN_OBJC_ROOT_CLASS = YES_ERROR;
				CLANG_WARN_QUOTED_INCLUDE_IN_FRAMEWORK_HEADER = YES;
				CLANG_WARN_RANGE_LOOP_ANALYSIS = YES;
				CLANG_WARN_STRICT_PROTOTYPES = YES;
				CLANG_WARN_SUSPICIOUS_MOVE = YES;
				CLANG_WARN_UNGUARDED_AVAILABILITY = YES_AGGRESSIVE;
				CLANG_WARN_UNREACHABLE_CODE = YES;
				CLANG_WARN__DUPLICATE_METHOD_MATCH = YES;
				COPY_PHASE_STRIP = NO;
				DEBUG_INFORMATION_FORMAT = "dwarf-with-dsym";
				ENABLE_NS_ASSERTIONS = NO;
				ENABLE_STRICT_OBJC_MSGSEND = YES;
				GCC_C_LANGUAGE_STANDARD = gnu11;
				GCC_NO_COMMON_BLOCKS = YES;
				GCC_WARN_64_TO_32_BIT_CONVERSION = YES;
				GCC_WARN_ABOUT_RETURN_TYPE = YES_ERROR;
				GCC_WARN_UNDECLARED_SELECTOR = YES;
				GCC_WARN_UNINITIALIZED_AUTOS = YES_AGGRESSIVE;
				GCC_WARN_UNUSED_FUNCTION = YES;
				GCC_WARN_UNUSED_VARIABLE = YES;
				IPHONEOS_DEPLOYMENT_TARGET = 15.2;
				MTL_ENABLE_DEBUG_INFO = NO;
				MTL_FAST_MATH = YES;
				SDKROOT = iphoneos;
				SWIFT_COMPILATION_MODE = wholemodule;
				SWIFT_OPTIMIZATION_LEVEL = "-O";
				VALIDATE_PRODUCT = YES;
			};
			name = Release;
		};
		A560FC5127A54DB6008DD319 /* Debug */ = {
			isa = XCBuildConfiguration;
			buildSettings = {
				ASSETCATALOG_COMPILER_APPICON_NAME = AppIcon;
				ASSETCATALOG_COMPILER_GLOBAL_ACCENT_COLOR_NAME = AccentColor;
				CODE_SIGN_STYLE = Automatic;
				CURRENT_PROJECT_VERSION = 1;
				DEVELOPMENT_TEAM = MZ4WUT4W35;
				GENERATE_INFOPLIST_FILE = YES;
				INFOPLIST_FILE = MovieReview/Info.plist;
				INFOPLIST_KEY_UIApplicationSupportsIndirectInputEvents = YES;
				INFOPLIST_KEY_UILaunchStoryboardName = LaunchScreen;
				INFOPLIST_KEY_UIMainStoryboardFile = Main;
				INFOPLIST_KEY_UISupportedInterfaceOrientations_iPad = "UIInterfaceOrientationPortrait UIInterfaceOrientationPortraitUpsideDown UIInterfaceOrientationLandscapeLeft UIInterfaceOrientationLandscapeRight";
				INFOPLIST_KEY_UISupportedInterfaceOrientations_iPhone = "UIInterfaceOrientationPortrait UIInterfaceOrientationLandscapeLeft UIInterfaceOrientationLandscapeRight";
				LD_RUNPATH_SEARCH_PATHS = (
					"$(inherited)",
					"@executable_path/Frameworks",
				);
				MARKETING_VERSION = 1.0;
				PRODUCT_BUNDLE_IDENTIFIER = com.alswl.MovieReview;
				PRODUCT_NAME = "$(TARGET_NAME)";
				SWIFT_EMIT_LOC_STRINGS = YES;
				SWIFT_VERSION = 5.0;
				TARGETED_DEVICE_FAMILY = "1,2";
			};
			name = Debug;
		};
		A560FC5227A54DB6008DD319 /* Release */ = {
			isa = XCBuildConfiguration;
			buildSettings = {
				ASSETCATALOG_COMPILER_APPICON_NAME = AppIcon;
				ASSETCATALOG_COMPILER_GLOBAL_ACCENT_COLOR_NAME = AccentColor;
				CODE_SIGN_STYLE = Automatic;
				CURRENT_PROJECT_VERSION = 1;
				DEVELOPMENT_TEAM = MZ4WUT4W35;
				GENERATE_INFOPLIST_FILE = YES;
				INFOPLIST_FILE = MovieReview/Info.plist;
				INFOPLIST_KEY_UIApplicationSupportsIndirectInputEvents = YES;
				INFOPLIST_KEY_UILaunchStoryboardName = LaunchScreen;
				INFOPLIST_KEY_UIMainStoryboardFile = Main;
				INFOPLIST_KEY_UISupportedInterfaceOrientations_iPad = "UIInterfaceOrientationPortrait UIInterfaceOrientationPortraitUpsideDown UIInterfaceOrientationLandscapeLeft UIInterfaceOrientationLandscapeRight";
				INFOPLIST_KEY_UISupportedInterfaceOrientations_iPhone = "UIInterfaceOrientationPortrait UIInterfaceOrientationLandscapeLeft UIInterfaceOrientationLandscapeRight";
				LD_RUNPATH_SEARCH_PATHS = (
					"$(inherited)",
					"@executable_path/Frameworks",
				);
				MARKETING_VERSION = 1.0;
				PRODUCT_BUNDLE_IDENTIFIER = com.alswl.MovieReview;
				PRODUCT_NAME = "$(TARGET_NAME)";
				SWIFT_EMIT_LOC_STRINGS = YES;
				SWIFT_VERSION = 5.0;
				TARGETED_DEVICE_FAMILY = "1,2";
			};
			name = Release;
		};
		A560FC5427A54DB6008DD319 /* Debug */ = {
			isa = XCBuildConfiguration;
			buildSettings = {
				ALWAYS_EMBED_SWIFT_STANDARD_LIBRARIES = YES;
				BUNDLE_LOADER = "$(TEST_HOST)";
				CODE_SIGN_STYLE = Automatic;
				CURRENT_PROJECT_VERSION = 1;
				DEVELOPMENT_TEAM = MZ4WUT4W35;
				GENERATE_INFOPLIST_FILE = YES;
				IPHONEOS_DEPLOYMENT_TARGET = 15.2;
				MARKETING_VERSION = 1.0;
				PRODUCT_BUNDLE_IDENTIFIER = com.alswl.MovieReviewTests;
				PRODUCT_NAME = "$(TARGET_NAME)";
				SWIFT_EMIT_LOC_STRINGS = NO;
				SWIFT_VERSION = 5.0;
				TARGETED_DEVICE_FAMILY = "1,2";
				TEST_HOST = "$(BUILT_PRODUCTS_DIR)/MovieReview.app/MovieReview";
			};
			name = Debug;
		};
		A560FC5527A54DB6008DD319 /* Release */ = {
			isa = XCBuildConfiguration;
			buildSettings = {
				ALWAYS_EMBED_SWIFT_STANDARD_LIBRARIES = YES;
				BUNDLE_LOADER = "$(TEST_HOST)";
				CODE_SIGN_STYLE = Automatic;
				CURRENT_PROJECT_VERSION = 1;
				DEVELOPMENT_TEAM = MZ4WUT4W35;
				GENERATE_INFOPLIST_FILE = YES;
				IPHONEOS_DEPLOYMENT_TARGET = 15.2;
				MARKETING_VERSION = 1.0;
				PRODUCT_BUNDLE_IDENTIFIER = com.alswl.MovieReviewTests;
				PRODUCT_NAME = "$(TARGET_NAME)";
				SWIFT_EMIT_LOC_STRINGS = NO;
				SWIFT_VERSION = 5.0;
				TARGETED_DEVICE_FAMILY = "1,2";
				TEST_HOST = "$(BUILT_PRODUCTS_DIR)/MovieReview.app/MovieReview";
			};
			name = Release;
		};
		A560FC5727A54DB6008DD319 /* Debug */ = {
			isa = XCBuildConfiguration;
			buildSettings = {
				ALWAYS_EMBED_SWIFT_STANDARD_LIBRARIES = YES;
				CODE_SIGN_STYLE = Automatic;
				CURRENT_PROJECT_VERSION = 1;
				DEVELOPMENT_TEAM = MZ4WUT4W35;
				GENERATE_INFOPLIST_FILE = YES;
				MARKETING_VERSION = 1.0;
				PRODUCT_BUNDLE_IDENTIFIER = com.alswl.MovieReviewUITests;
				PRODUCT_NAME = "$(TARGET_NAME)";
				SWIFT_EMIT_LOC_STRINGS = NO;
				SWIFT_VERSION = 5.0;
				TARGETED_DEVICE_FAMILY = "1,2";
				TEST_TARGET_NAME = MovieReview;
			};
			name = Debug;
		};
		A560FC5827A54DB6008DD319 /* Release */ = {
			isa = XCBuildConfiguration;
			buildSettings = {
				ALWAYS_EMBED_SWIFT_STANDARD_LIBRARIES = YES;
				CODE_SIGN_STYLE = Automatic;
				CURRENT_PROJECT_VERSION = 1;
				DEVELOPMENT_TEAM = MZ4WUT4W35;
				GENERATE_INFOPLIST_FILE = YES;
				MARKETING_VERSION = 1.0;
				PRODUCT_BUNDLE_IDENTIFIER = com.alswl.MovieReviewUITests;
				PRODUCT_NAME = "$(TARGET_NAME)";
				SWIFT_EMIT_LOC_STRINGS = NO;
				SWIFT_VERSION = 5.0;
				TARGETED_DEVICE_FAMILY = "1,2";
				TEST_TARGET_NAME = MovieReview;
			};
			name = Release;
		};
/* End XCBuildConfiguration section */

/* Begin XCConfigurationList section */
		A560FC2127A54DB6008DD319 /* Build configuration list for PBXProject "MovieReview" */ = {
			isa = XCConfigurationList;
			buildConfigurations = (
				A560FC4E27A54DB6008DD319 /* Debug */,
				A560FC4F27A54DB6008DD319 /* Release */,
			);
			defaultConfigurationIsVisible = 0;
			defaultConfigurationName = Release;
		};
		A560FC5027A54DB6008DD319 /* Build configuration list for PBXNativeTarget "MovieReview" */ = {
			isa = XCConfigurationList;
			buildConfigurations = (
				A560FC5127A54DB6008DD319 /* Debug */,
				A560FC5227A54DB6008DD319 /* Release */,
			);
			defaultConfigurationIsVisible = 0;
			defaultConfigurationName = Release;
		};
		A560FC5327A54DB6008DD319 /* Build configuration list for PBXNativeTarget "MovieReviewTests" */ = {
			isa = XCConfigurationList;
			buildConfigurations = (
				A560FC5427A54DB6008DD319 /* Debug */,
				A560FC5527A54DB6008DD319 /* Release */,
			);
			defaultConfigurationIsVisible = 0;
			defaultConfigurationName = Release;
		};
		A560FC5627A54DB6008DD319 /* Build configuration list for PBXNativeTarget "MovieReviewUITests" */ = {
			isa = XCConfigurationList;
			buildConfigurations = (
				A560FC5727A54DB6008DD319 /* Debug */,
				A560FC5827A54DB6008DD319 /* Release */,
			);
			defaultConfigurationIsVisible = 0;
			defaultConfigurationName = Release;
		};
/* End XCConfigurationList section */
	};
	rootObject = A560FC1E27A54DB6008DD319 /* Project object */;
}
